
Microsoft Visual Studio Solution File, Format Version 12.00
# Visual Studio Version 16
VisualStudioVersion = 16.0.31105.61
MinimumVisualStudioVersion = 10.0.40219.1
Project("{FAE04EC0-301F-11D3-BF4B-00C04F79EFBC}") = "Redis", "Redis.csproj", "{C2E0485C-318D-4777-B894-58C36F986490}"
EndProject
Global
	GlobalSection(SolutionConfigurationPlatforms) = preSolution
		Debug|Any CPU = Debug|Any CPU
		Release|Any CPU = Release|Any CPU
	EndGlobalSection
	GlobalSection(ProjectConfigurationPlatforms) = postSolution
		{C2E0485C-318D-4777-B894-58C36F986490}.Debug|Any CPU.ActiveCfg = Debug|Any CPU
		{C2E0485C-318D-4777-B894-58C36F986490}.Debug|Any CPU.Build.0 = Debug|Any CPU
		{C2E0485C-318D-4777-B894-58C36F986490}.Release|Any CPU.ActiveCfg = Release|Any CPU
		{C2E0485C-318D-4777-B894-58C36F986490}.Release|Any CPU.Build.0 = Release|Any CPU
	EndGlobalSection
	GlobalSection(SolutionProperties) = preSolution
		HideSolutionNode = FALSE
	EndGlobalSection
	GlobalSection(ExtensibilityGlobals) = postSolution
		SolutionGuid = {303CD9DA-6779-421F-B539-8BD93D16C94A}
	EndGlobalSection
EndGlobal
